
Microsoft Visual Studio Solution File, Format Version 12.00
# Visual Studio Version 17
VisualStudioVersion = 17.8.34511.84
MinimumVisualStudioVersion = 10.0.40219.1
Project("{2150E333-8FDC-42A3-9474-1A3956D46DE8}") = "Solution Items", "Solution Items", "{EFB8EA9A-1F8A-4873-AD98-E6BABBC75B11}"
	ProjectSection(SolutionItems) = preProject
		HTMLPeriodicTableOfMendeleev.html = HTMLPeriodicTableOfMendeleev.html
		table.css = table.css
	EndProjectSection
EndProject
Global
	GlobalSection(SolutionProperties) = preSolution
		HideSolutionNode = FALSE
	EndGlobalSection
	GlobalSection(ExtensibilityGlobals) = postSolution
		SolutionGuid = {EF586B08-7B3C-4CDF-854F-5A98D4672C8C}
	EndGlobalSection
EndGlobal
